
Microsoft Visual Studio Solution File, Format Version 12.00
# Visual Studio Version 17
VisualStudioVersion = 17.5.002.0
MinimumVisualStudioVersion = 10.0.40219.1
Project("{9A19103F-16F7-4668-BE54-9A1E7A4F7556}") = "todoWeb", "todoWeb.csproj", "{04ED1DF2-ECDC-4DD3-8064-4CE8D8E728E2}"
EndProject
Global
	GlobalSection(SolutionConfigurationPlatforms) = preSolution
		Debug|Any CPU = Debug|Any CPU
		Release|Any CPU = Release|Any CPU
	EndGlobalSection
	GlobalSection(ProjectConfigurationPlatforms) = postSolution
		{04ED1DF2-ECDC-4DD3-8064-4CE8D8E728E2}.Debug|Any CPU.ActiveCfg = Debug|Any CPU
		{04ED1DF2-ECDC-4DD3-8064-4CE8D8E728E2}.Debug|Any CPU.Build.0 = Debug|Any CPU
		{04ED1DF2-ECDC-4DD3-8064-4CE8D8E728E2}.Release|Any CPU.ActiveCfg = Release|Any CPU
		{04ED1DF2-ECDC-4DD3-8064-4CE8D8E728E2}.Release|Any CPU.Build.0 = Release|Any CPU
	EndGlobalSection
	GlobalSection(SolutionProperties) = preSolution
		HideSolutionNode = FALSE
	EndGlobalSection
	GlobalSection(ExtensibilityGlobals) = postSolution
		SolutionGuid = {0D22238A-BC17-411B-AE90-CB331B516D8C}
	EndGlobalSection
EndGlobal
